<?xml version="1.0" encoding="utf-8"?>
<Project ToolsVersion="4.0" xmlns="http://schemas.microsoft.com/developer/msbuild/2003">
  <ItemGroup>
    <Filter Include="源文件">
      <UniqueIdentifier>{4FC737F1-C7A5-4376-A066-2A32D752A2FF}</UniqueIdentifier>
      <Extensions>cpp;c;cc;cxx;def;odl;idl;hpj;bat;asm;asmx</Extensions>
    </Filter>
    <Filter Include="头文件">
      <UniqueIdentifier>{93995380-89BD-4b04-88EB-625FBE52EBFB}</UniqueIdentifier>
      <Extensions>h;hh;hpp;hxx;hm;inl;inc;ipp;xsd</Extensions>
    </Filter>
    <Filter Include="资源文件">
      <UniqueIdentifier>{67DA6AB6-F800-4c08-8B7A-83BB121AAD01}</UniqueIdentifier>
      <Extensions>rc;ico;cur;bmp;dlg;rc2;rct;bin;rgs;gif;jpg;jpeg;jpe;resx;tiff;tif;png;wav;mfcribbon-ms</Extensions>
    </Filter>
    <Filter Include="源文件\libmpeg">
      <UniqueIdentifier>{4916277d-7924-4f88-9315-994bd9223d30}</UniqueIdentifier>
    </Filter>
  </ItemGroup>
  <ItemGroup>
    <ClCompile Include="libmpeg\source\mpeg-crc32.c">
      <Filter>源文件\libmpeg</Filter>
    </ClCompile>
    <ClCompile Include="libmpeg\source\mpeg-element-descriptor.c">
      <Filter>源文件\libmpeg</Filter>
    </ClCompile>
    <ClCompile Include="libmpeg\source\mpeg-packet.c">
      <Filter>源文件\libmpeg</Filter>
    </ClCompile>
    <ClCompile Include="libmpeg\source\mpeg-pack-header.c">
      <Filter>源文件\libmpeg</Filter>
    </ClCompile>
    <ClCompile Include="libmpeg\source\mpeg-pat.c">
      <Filter>源文件\libmpeg</Filter>
    </ClCompile>
    <ClCompile Include="libmpeg\source\mpeg-pes.c">
      <Filter>源文件\libmpeg</Filter>
    </ClCompile>
    <ClCompile Include="libmpeg\source\mpeg-pmt.c">
      <Filter>源文件\libmpeg</Filter>
    </ClCompile>
    <ClCompile Include="libmpeg\source\mpeg-psd.c">
      <Filter>源文件\libmpeg</Filter>
    </ClCompile>
    <ClCompile Include="libmpeg\source\mpeg-ps-dec.c">
      <Filter>源文件\libmpeg</Filter>
    </ClCompile>
    <ClCompile Include="libmpeg\source\mpeg-ps-enc.c">
      <Filter>源文件\libmpeg</Filter>
    </ClCompile>
    <ClCompile Include="libmpeg\source\mpeg-psm.c">
      <Filter>源文件\libmpeg</Filter>
    </ClCompile>
    <ClCompile Include="libmpeg\source\mpeg-sdt.c">
      <Filter>源文件\libmpeg</Filter>
    </ClCompile>
    <ClCompile Include="libmpeg\source\mpeg-system-header.c">
      <Filter>源文件\libmpeg</Filter>
    </ClCompile>
    <ClCompile Include="libmpeg\source\mpeg-ts-dec.c">
      <Filter>源文件\libmpeg</Filter>
    </ClCompile>
    <ClCompile Include="libmpeg\source\mpeg-ts-enc.c">
      <Filter>源文件\libmpeg</Filter>
    </ClCompile>
    <ClCompile Include="libmpeg\source\mpeg-ts-h264.c">
      <Filter>源文件\libmpeg</Filter>
    </ClCompile>
    <ClCompile Include="libmpeg\source\mpeg-ts-h265.c">
      <Filter>源文件\libmpeg</Filter>
    </ClCompile>
    <ClCompile Include="libmpeg\source\mpeg-util.c">
      <Filter>源文件\libmpeg</Filter>
    </ClCompile>
    <ClCompile Include="RtspToRtpPs.cpp">
      <Filter>源文件</Filter>
    </ClCompile>
    <ClCompile Include="Wrapper.cpp">
      <Filter>源文件</Filter>
    </ClCompile>
    <ClCompile Include="test.c">
      <Filter>源文件</Filter>
    </ClCompile>
  </ItemGroup>
  <ItemGroup>
    <ClInclude Include="libmpeg\source\mpeg-util.h">
      <Filter>源文件\libmpeg</Filter>
    </ClInclude>
    <ClInclude Include="rtp.h">
      <Filter>源文件</Filter>
    </ClInclude>
    <ClInclude Include="RtspToRtpPs.h">
      <Filter>源文件</Filter>
    </ClInclude>
    <ClInclude Include="Wrapper.h">
      <Filter>源文件</Filter>
    </ClInclude>
  </ItemGroup>
</Project>